{
    "_readme": [
        "This file locks the dependencies of your project to a known state",
        "Read more about it at https://getcomposer.org/doc/01-basic-usage.md#composer-lock-the-lock-file",
        "This file is @generated automatically"
    ],
    "hash": "c26adad767b8a368619b11959535168e",
    "packages": [
        {
            "name": "yonas/directory-hash-php",
            "version": "dev-master",
            "source": {
                "type": "git",
                "url": "https://github.com/yonas/directory-hash-php.git",
                "reference": "7c831ebe9a602f1a3517fa5fb6e8222951e4ce40"
            },
            "dist": {
                "type": "zip",
                "url": "https://api.github.com/repos/yonas/directory-hash-php/zipball/7c831ebe9a602f1a3517fa5fb6e8222951e4ce40",
                "reference": "7c831ebe9a602f1a3517fa5fb6e8222951e4ce40",
                "shasum": ""
            },
            "require": {
                "php": ">=5.3.0"
            },
            "type": "library",
            "autoload": {
                "psr-4": {
                    "fizk\\DirectoryHash\\": "src/"
                }
            },
            "notification-url": "https://packagist.org/downloads/",
            "license": [
                "MIT"
            ],
            "authors": [
                {
                    "name": "Yonas Yanfa",
                    "homepage": "http://fizk.net"
                }
            ],
            "description": "A standard algorithm to compute the hash of a directory and all it's files.",
            "homepage": "https://github.com/yonas/directory-hash-php",
            "keywords": [
                "directory",
                "hash"
            ],
            "time": "2015-08-24 03:38:20"
        }
    ],
    "packages-dev": [],
    "aliases": [],
    "minimum-stability": "dev",
    "stability-flags": {
        "yonas/directory-hash-php": 20
    },
    "prefer-stable": false,
    "prefer-lowest": false,
    "platform": [],
    "platform-dev": []
}
